github.com/blacktop/go-dwarf v1.0.14 h1:OjmzfSgg/qAKckn2tWFebcgKgJ7HOqCj7bS+CiE1lrY=
github.com/blacktop/go-dwarf v1.0.14/go.mod h1:4W2FKgSFYcZLDwnR7k+apv5i3nrau4NGl9N6VQ9DSTo=
github.com/blacktop/go-macho v1.1.282 h1:DW3HYz5zVCT6+Jlp1+hxauYvEgxqZsGMvu8/1j4+Ibg=
github.com/blacktop/go-macho v1.1.282/go.mod h1:Hc5E2Lvt/U1VT+jOxr1O5l/LNFJeMYK4eAmDfazTiGc=
github.com/unicorn-engine/unicorn v0.0.0-20260217064959-7c5db94191de h1:uSF0dmEJ6NX8hDuy/oMLySksmG8ZxzMt9wpw9PEtf2E=
github.com/unicorn-engine/unicorn v0.0.0-20260217064959-7c5db94191de/go.mod h1:mcHBrigWSHlMZYol9QOFnK7sbltIt/OaKP5CQBZsC+4=
